<?xml version="1.0" encoding="utf-8"?>
<Project ToolsVersion="4.0" xmlns="http://schemas.microsoft.com/developer/msbuild/2003">
  <ItemGroup>
    <Filter Include="Pinata">
      <UniqueIdentifier>{A2C125CA-8E63-50A0-771E-64F4635FD7F0}</UniqueIdentifier>
    </Filter>
    <Filter Include="Pinata\Core">
      <UniqueIdentifier>{3A3B439A-A6F0-BB8F-2FE5-B5669B99B293}</UniqueIdentifier>
    </Filter>
    <Filter Include="Pinata\Event">
      <UniqueIdentifier>{7374D2E2-5FD7-6187-085D-9A3DF49E2D0A}</UniqueIdentifier>
    </Filter>
  </ItemGroup>
  <ItemGroup>
    <ClInclude Include="src\Pinata.h" />
    <ClInclude Include="src\Pinata\Core\Application.h">
      <Filter>Pinata\Core</Filter>
    </ClInclude>
    <ClInclude Include="src\Pinata\Core\Core.h">
      <Filter>Pinata\Core</Filter>
    </ClInclude>
    <ClInclude Include="src\Pinata\Core\EntryPoint.h">
      <Filter>Pinata\Core</Filter>
    </ClInclude>
    <ClInclude Include="src\Pinata\Core\KeyCode.h">
      <Filter>Pinata\Core</Filter>
    </ClInclude>
    <ClInclude Include="src\Pinata\Core\Log.h">
      <Filter>Pinata\Core</Filter>
    </ClInclude>
    <ClInclude Include="src\Pinata\Core\MouseCode.h">
      <Filter>Pinata\Core</Filter>
    </ClInclude>
    <ClInclude Include="src\Pinata\Event\ApplicationEvent.h">
      <Filter>Pinata\Event</Filter>
    </ClInclude>
    <ClInclude Include="src\Pinata\Event\Event.h">
      <Filter>Pinata\Event</Filter>
    </ClInclude>
    <ClInclude Include="src\Pinata\Event\KeyboardEvent.h">
      <Filter>Pinata\Event</Filter>
    </ClInclude>
    <ClInclude Include="src\Pinata\Event\MouseEvent.h">
      <Filter>Pinata\Event</Filter>
    </ClInclude>
  </ItemGroup>
  <ItemGroup>
    <ClCompile Include="src\Pinata\Core\Application.cpp">
      <Filter>Pinata\Core</Filter>
    </ClCompile>
    <ClCompile Include="src\Pinata\Core\Log.cpp">
      <Filter>Pinata\Core</Filter>
    </ClCompile>
  </ItemGroup>
</Project>